
Microsoft Visual Studio Solution File, Format Version 12.00
# Visual Studio Version 17
VisualStudioVersion = 17.1.32407.343
MinimumVisualStudioVersion = 10.0.40219.1
Project("{FAE04EC0-301F-11D3-BF4B-00C04F79EFBC}") = "410818556張斯涵 final project", "410818556張斯涵 final project\410818556張斯涵 final project.csproj", "{9C894340-8884-4C26-BF09-F65EFE4EA03B}"
EndProject
Global
	GlobalSection(SolutionConfigurationPlatforms) = preSolution
		Debug|Any CPU = Debug|Any CPU
		Release|Any CPU = Release|Any CPU
	EndGlobalSection
	GlobalSection(ProjectConfigurationPlatforms) = postSolution
		{9C894340-8884-4C26-BF09-F65EFE4EA03B}.Debug|Any CPU.ActiveCfg = Debug|Any CPU
		{9C894340-8884-4C26-BF09-F65EFE4EA03B}.Debug|Any CPU.Build.0 = Debug|Any CPU
		{9C894340-8884-4C26-BF09-F65EFE4EA03B}.Release|Any CPU.ActiveCfg = Release|Any CPU
		{9C894340-8884-4C26-BF09-F65EFE4EA03B}.Release|Any CPU.Build.0 = Release|Any CPU
	EndGlobalSection
	GlobalSection(SolutionProperties) = preSolution
		HideSolutionNode = FALSE
	EndGlobalSection
	GlobalSection(ExtensibilityGlobals) = postSolution
		SolutionGuid = {3BC79184-D1FC-4329-A85D-A5FD73481CA7}
	EndGlobalSection
EndGlobal
